// !$*UTF8*$!
{
	archiveVersion = 1;
	classes = {
	};
	objectVersion = 56;
	objects = {

/* Begin PBXBuildFile section */
		1A18DC9829ED1A2E009A882B /* PlaySound.swift in Sources */ = {isa = PBXBuildFile; fileRef = 1A18DC9729ED1A2E009A882B /* PlaySound.swift */; };
		1A18DC9A29ED239D009A882B /* son-iguales-las-emociones.wav in Resources */ = {isa = PBXBuildFile; fileRef = 1A18DC9929ED239D009A882B /* son-iguales-las-emociones.wav */; };
		1A18DC9C29ED2D8A009A882B /* identifica-tus-emociones.wav in Resources */ = {isa = PBXBuildFile; fileRef = 1A18DC9B29ED2D8A009A882B /* identifica-tus-emociones.wav */; };
		1A18DCA029ED2DC7009A882B /* dibuja-como-te-sientes.wav in Resources */ = {isa = PBXBuildFile; fileRef = 1A18DC9D29ED2DC7009A882B /* dibuja-como-te-sientes.wav */; };
		1A18DCA129ED2DC7009A882B /* diferencias-entre-emociones.wav in Resources */ = {isa = PBXBuildFile; fileRef = 1A18DC9E29ED2DC7009A882B /* diferencias-entre-emociones.wav */; };
		1A18DCA229ED2DC7009A882B /* presiona-el-boton-verde.wav in Resources */ = {isa = PBXBuildFile; fileRef = 1A18DC9F29ED2DC7009A882B /* presiona-el-boton-verde.wav */; };
		1A18DCA429ED2DF6009A882B /* EmocionaMenteTheme.wav in Resources */ = {isa = PBXBuildFile; fileRef = 1A18DCA329ED2DF6009A882B /* EmocionaMenteTheme.wav */; };
		1A1985D729ECDA72004A8D55 /* DibujoView.swift in Sources */ = {isa = PBXBuildFile; fileRef = 1A1985D629ECDA72004A8D55 /* DibujoView.swift */; };
		1AC24B7B29ECF32000C237E8 /* textura.jpg in Resources */ = {isa = PBXBuildFile; fileRef = 1AC24B7A29ECF32000C237E8 /* textura.jpg */; };
		1AC24B8329ECF3AA00C237E8 /* NivelesDifModel.swift in Sources */ = {isa = PBXBuildFile; fileRef = 1AC24B7C29ECF3AA00C237E8 /* NivelesDifModel.swift */; };
		1AC24B8429ECF3AA00C237E8 /* ConcienciaView.swift in Sources */ = {isa = PBXBuildFile; fileRef = 1AC24B7D29ECF3AA00C237E8 /* ConcienciaView.swift */; };
		1AC24B8529ECF3AA00C237E8 /* DiferenciarView.swift in Sources */ = {isa = PBXBuildFile; fileRef = 1AC24B7E29ECF3AA00C237E8 /* DiferenciarView.swift */; };
		1AC24B8629ECF3AA00C237E8 /* DiferenciarDetailView.swift in Sources */ = {isa = PBXBuildFile; fileRef = 1AC24B7F29ECF3AA00C237E8 /* DiferenciarDetailView.swift */; };
		1AC24B8729ECF3AA00C237E8 /* NivelesViewModel.swift in Sources */ = {isa = PBXBuildFile; fileRef = 1AC24B8029ECF3AA00C237E8 /* NivelesViewModel.swift */; };
		1AC24B8829ECF3AA00C237E8 /* GlosarioView.swift in Sources */ = {isa = PBXBuildFile; fileRef = 1AC24B8129ECF3AA00C237E8 /* GlosarioView.swift */; };
		1AC24B8929ECF3AA00C237E8 /* DiferenciarJuegoView.swift in Sources */ = {isa = PBXBuildFile; fileRef = 1AC24B8229ECF3AA00C237E8 /* DiferenciarJuegoView.swift */; };
		F132F47329ECB56700F168DB /* FacePaintingAR.swift in Sources */ = {isa = PBXBuildFile; fileRef = F132F47229ECB56700F168DB /* FacePaintingAR.swift */; };
		F1F5FC8F29EB4BB800A848B5 /* AppDelegate.swift in Sources */ = {isa = PBXBuildFile; fileRef = F1F5FC8E29EB4BB800A848B5 /* AppDelegate.swift */; };
		F1F5FC9129EB4BB800A848B5 /* ContentView.swift in Sources */ = {isa = PBXBuildFile; fileRef = F1F5FC9029EB4BB800A848B5 /* ContentView.swift */; };
		F1F5FC9529EB4BBC00A848B5 /* Assets.xcassets in Resources */ = {isa = PBXBuildFile; fileRef = F1F5FC9429EB4BBC00A848B5 /* Assets.xcassets */; };
		F1F5FC9829EB4BBC00A848B5 /* Preview Assets.xcassets in Resources */ = {isa = PBXBuildFile; fileRef = F1F5FC9729EB4BBC00A848B5 /* Preview Assets.xcassets */; };
		F1F5FCA229EB4BBC00A848B5 /* EmocionaMenteTests.swift in Sources */ = {isa = PBXBuildFile; fileRef = F1F5FCA129EB4BBC00A848B5 /* EmocionaMenteTests.swift */; };
		F1F5FCAC29EB4BBC00A848B5 /* EmocionaMenteUITests.swift in Sources */ = {isa = PBXBuildFile; fileRef = F1F5FCAB29EB4BBC00A848B5 /* EmocionaMenteUITests.swift */; };
		F1F5FCAE29EB4BBC00A848B5 /* EmocionaMenteUITestsLaunchTests.swift in Sources */ = {isa = PBXBuildFile; fileRef = F1F5FCAD29EB4BBC00A848B5 /* EmocionaMenteUITestsLaunchTests.swift */; };
/* End PBXBuildFile section */

/* Begin PBXContainerItemProxy section */
		F1F5FC9E29EB4BBC00A848B5 /* PBXContainerItemProxy */ = {
			isa = PBXContainerItemProxy;
			containerPortal = F1F5FC8329EB4BB800A848B5 /* Project object */;
			proxyType = 1;
			remoteGlobalIDString = F1F5FC8A29EB4BB800A848B5;
			remoteInfo = EmocionaMente;
		};
		F1F5FCA829EB4BBC00A848B5 /* PBXContainerItemProxy */ = {
			isa = PBXContainerItemProxy;
			containerPortal = F1F5FC8329EB4BB800A848B5 /* Project object */;
			proxyType = 1;
			remoteGlobalIDString = F1F5FC8A29EB4BB800A848B5;
			remoteInfo = EmocionaMente;
		};
/* End PBXContainerItemProxy section */

/* Begin PBXFileReference section */
		1A18DC9729ED1A2E009A882B /* PlaySound.swift */ = {isa = PBXFileReference; lastKnownFileType = sourcecode.swift; path = PlaySound.swift; sourceTree = "<group>"; };
		1A18DC9929ED239D009A882B /* son-iguales-las-emociones.wav */ = {isa = PBXFileReference; lastKnownFileType = audio.wav; path = "son-iguales-las-emociones.wav"; sourceTree = "<group>"; };
		1A18DC9B29ED2D8A009A882B /* identifica-tus-emociones.wav */ = {isa = PBXFileReference; lastKnownFileType = audio.wav; path = "identifica-tus-emociones.wav"; sourceTree = "<group>"; };
		1A18DC9D29ED2DC7009A882B /* dibuja-como-te-sientes.wav */ = {isa = PBXFileReference; lastKnownFileType = audio.wav; path = "dibuja-como-te-sientes.wav"; sourceTree = "<group>"; };
		1A18DC9E29ED2DC7009A882B /* diferencias-entre-emociones.wav */ = {isa = PBXFileReference; lastKnownFileType = audio.wav; path = "diferencias-entre-emociones.wav"; sourceTree = "<group>"; };
		1A18DC9F29ED2DC7009A882B /* presiona-el-boton-verde.wav */ = {isa = PBXFileReference; lastKnownFileType = audio.wav; path = "presiona-el-boton-verde.wav"; sourceTree = "<group>"; };
		1A18DCA329ED2DF6009A882B /* EmocionaMenteTheme.wav */ = {isa = PBXFileReference; lastKnownFileType = audio.wav; path = EmocionaMenteTheme.wav; sourceTree = "<group>"; };
		1A1985D629ECDA72004A8D55 /* DibujoView.swift */ = {isa = PBXFileReference; lastKnownFileType = sourcecode.swift; path = DibujoView.swift; sourceTree = "<group>"; };
		1AC24B7A29ECF32000C237E8 /* textura.jpg */ = {isa = PBXFileReference; lastKnownFileType = image.jpeg; path = textura.jpg; sourceTree = "<group>"; };
		1AC24B7C29ECF3AA00C237E8 /* NivelesDifModel.swift */ = {isa = PBXFileReference; fileEncoding = 4; lastKnownFileType = sourcecode.swift; path = NivelesDifModel.swift; sourceTree = "<group>"; };
		1AC24B7D29ECF3AA00C237E8 /* ConcienciaView.swift */ = {isa = PBXFileReference; fileEncoding = 4; lastKnownFileType = sourcecode.swift; path = ConcienciaView.swift; sourceTree = "<group>"; };
		1AC24B7E29ECF3AA00C237E8 /* DiferenciarView.swift */ = {isa = PBXFileReference; fileEncoding = 4; lastKnownFileType = sourcecode.swift; path = DiferenciarView.swift; sourceTree = "<group>"; };
		1AC24B7F29ECF3AA00C237E8 /* DiferenciarDetailView.swift */ = {isa = PBXFileReference; fileEncoding = 4; lastKnownFileType = sourcecode.swift; path = DiferenciarDetailView.swift; sourceTree = "<group>"; };
		1AC24B8029ECF3AA00C237E8 /* NivelesViewModel.swift */ = {isa = PBXFileReference; fileEncoding = 4; lastKnownFileType = sourcecode.swift; path = NivelesViewModel.swift; sourceTree = "<group>"; };
		1AC24B8129ECF3AA00C237E8 /* GlosarioView.swift */ = {isa = PBXFileReference; fileEncoding = 4; lastKnownFileType = sourcecode.swift; path = GlosarioView.swift; sourceTree = "<group>"; };
		1AC24B8229ECF3AA00C237E8 /* DiferenciarJuegoView.swift */ = {isa = PBXFileReference; fileEncoding = 4; lastKnownFileType = sourcecode.swift; path = DiferenciarJuegoView.swift; sourceTree = "<group>"; };
		F132F47229ECB56700F168DB /* FacePaintingAR.swift */ = {isa = PBXFileReference; lastKnownFileType = sourcecode.swift; path = FacePaintingAR.swift; sourceTree = "<group>"; };
		F1F5FC8B29EB4BB800A848B5 /* EmocionaMente.app */ = {isa = PBXFileReference; explicitFileType = wrapper.application; includeInIndex = 0; path = EmocionaMente.app; sourceTree = BUILT_PRODUCTS_DIR; };
		F1F5FC8E29EB4BB800A848B5 /* AppDelegate.swift */ = {isa = PBXFileReference; lastKnownFileType = sourcecode.swift; path = AppDelegate.swift; sourceTree = "<group>"; };
		F1F5FC9029EB4BB800A848B5 /* ContentView.swift */ = {isa = PBXFileReference; lastKnownFileType = sourcecode.swift; path = ContentView.swift; sourceTree = "<group>"; };
		F1F5FC9429EB4BBC00A848B5 /* Assets.xcassets */ = {isa = PBXFileReference; lastKnownFileType = folder.assetcatalog; path = Assets.xcassets; sourceTree = "<group>"; };
		F1F5FC9729EB4BBC00A848B5 /* Preview Assets.xcassets */ = {isa = PBXFileReference; lastKnownFileType = folder.assetcatalog; path = "Preview Assets.xcassets"; sourceTree = "<group>"; };
		F1F5FC9D29EB4BBC00A848B5 /* EmocionaMenteTests.xctest */ = {isa = PBXFileReference; explicitFileType = wrapper.cfbundle; includeInIndex = 0; path = EmocionaMenteTests.xctest; sourceTree = BUILT_PRODUCTS_DIR; };
		F1F5FCA129EB4BBC00A848B5 /* EmocionaMenteTests.swift */ = {isa = PBXFileReference; lastKnownFileType = sourcecode.swift; path = EmocionaMenteTests.swift; sourceTree = "<group>"; };
		F1F5FCA729EB4BBC00A848B5 /* EmocionaMenteUITests.xctest */ = {isa = PBXFileReference; explicitFileType = wrapper.cfbundle; includeInIndex = 0; path = EmocionaMenteUITests.xctest; sourceTree = BUILT_PRODUCTS_DIR; };
		F1F5FCAB29EB4BBC00A848B5 /* EmocionaMenteUITests.swift */ = {isa = PBXFileReference; lastKnownFileType = sourcecode.swift; path = EmocionaMenteUITests.swift; sourceTree = "<group>"; };
		F1F5FCAD29EB4BBC00A848B5 /* EmocionaMenteUITestsLaunchTests.swift */ = {isa = PBXFileReference; lastKnownFileType = sourcecode.swift; path = EmocionaMenteUITestsLaunchTests.swift; sourceTree = "<group>"; };
		F1F5FCBA29EB556300A848B5 /* Info.plist */ = {isa = PBXFileReference; lastKnownFileType = text.plist; path = Info.plist; sourceTree = "<group>"; };
/* End PBXFileReference section */

/* Begin PBXFrameworksBuildPhase section */
		F1F5FC8829EB4BB800A848B5 /* Frameworks */ = {
			isa = PBXFrameworksBuildPhase;
			buildActionMask = 2147483647;
			files = (
			);
			runOnlyForDeploymentPostprocessing = 0;
		};
		F1F5FC9A29EB4BBC00A848B5 /* Frameworks */ = {
			isa = PBXFrameworksBuildPhase;
			buildActionMask = 2147483647;
			files = (
			);
			runOnlyForDeploymentPostprocessing = 0;
		};
		F1F5FCA429EB4BBC00A848B5 /* Frameworks */ = {
			isa = PBXFrameworksBuildPhase;
			buildActionMask = 2147483647;
			files = (
			);
			runOnlyForDeploymentPostprocessing = 0;
		};
/* End PBXFrameworksBuildPhase section */

/* Begin PBXGroup section */
		1A1985DA29ECE8A3004A8D55 /* Songs */ = {
			isa = PBXGroup;
			children = (
				1A18DC9929ED239D009A882B /* son-iguales-las-emociones.wav */,
				1A18DC9D29ED2DC7009A882B /* dibuja-como-te-sientes.wav */,
				1A18DC9E29ED2DC7009A882B /* diferencias-entre-emociones.wav */,
				1A18DC9F29ED2DC7009A882B /* presiona-el-boton-verde.wav */,
				1A18DCA329ED2DF6009A882B /* EmocionaMenteTheme.wav */,
				1A18DC9B29ED2D8A009A882B /* identifica-tus-emociones.wav */,
			);
			path = Songs;
			sourceTree = "<group>";
		};
		F1F5FC8229EB4BB800A848B5 = {
			isa = PBXGroup;
			children = (
				F1F5FC8D29EB4BB800A848B5 /* EmocionaMente */,
				F1F5FCA029EB4BBC00A848B5 /* EmocionaMenteTests */,
				F1F5FCAA29EB4BBC00A848B5 /* EmocionaMenteUITests */,
				F1F5FC8C29EB4BB800A848B5 /* Products */,
			);
			sourceTree = "<group>";
		};
		F1F5FC8C29EB4BB800A848B5 /* Products */ = {
			isa = PBXGroup;
			children = (
				F1F5FC8B29EB4BB800A848B5 /* EmocionaMente.app */,
				F1F5FC9D29EB4BBC00A848B5 /* EmocionaMenteTests.xctest */,
				F1F5FCA729EB4BBC00A848B5 /* EmocionaMenteUITests.xctest */,
			);
			name = Products;
			sourceTree = "<group>";
		};
		F1F5FC8D29EB4BB800A848B5 /* EmocionaMente */ = {
			isa = PBXGroup;
			children = (
				1A1985DA29ECE8A3004A8D55 /* Songs */,
				F1F5FCBA29EB556300A848B5 /* Info.plist */,
				F1F5FC8E29EB4BB800A848B5 /* AppDelegate.swift */,
				1AC24B7A29ECF32000C237E8 /* textura.jpg */,
				1A1985D629ECDA72004A8D55 /* DibujoView.swift */,
				1AC24B7F29ECF3AA00C237E8 /* DiferenciarDetailView.swift */,
				1AC24B8229ECF3AA00C237E8 /* DiferenciarJuegoView.swift */,
				1AC24B7D29ECF3AA00C237E8 /* ConcienciaView.swift */,
				1AC24B7E29ECF3AA00C237E8 /* DiferenciarView.swift */,
				1AC24B8129ECF3AA00C237E8 /* GlosarioView.swift */,
				1AC24B7C29ECF3AA00C237E8 /* NivelesDifModel.swift */,
				1AC24B8029ECF3AA00C237E8 /* NivelesViewModel.swift */,
				F1F5FC9029EB4BB800A848B5 /* ContentView.swift */,
				1A18DC9729ED1A2E009A882B /* PlaySound.swift */,
				F132F47229ECB56700F168DB /* FacePaintingAR.swift */,
				F1F5FC9429EB4BBC00A848B5 /* Assets.xcassets */,
				F1F5FC9629EB4BBC00A848B5 /* Preview Content */,
			);
			path = EmocionaMente;
			sourceTree = "<group>";
		};
		F1F5FC9629EB4BBC00A848B5 /* Preview Content */ = {
			isa = PBXGroup;
			children = (
				F1F5FC9729EB4BBC00A848B5 /* Preview Assets.xcassets */,
			);
			path = "Preview Content";
			sourceTree = "<group>";
		};
		F1F5FCA029EB4BBC00A848B5 /* EmocionaMenteTests */ = {
			isa = PBXGroup;
			children = (
				F1F5FCA129EB4BBC00A848B5 /* EmocionaMenteTests.swift */,
			);
			path = EmocionaMenteTests;
			sourceTree = "<group>";
		};
		F1F5FCAA29EB4BBC00A848B5 /* EmocionaMenteUITests */ = {
			isa = PBXGroup;
			children = (
				F1F5FCAB29EB4BBC00A848B5 /* EmocionaMenteUITests.swift */,
				F1F5FCAD29EB4BBC00A848B5 /* EmocionaMenteUITestsLaunchTests.swift */,
			);
			path = EmocionaMenteUITests;
			sourceTree = "<group>";
		};
/* End PBXGroup section */

/* Begin PBXNativeTarget section */
		F1F5FC8A29EB4BB800A848B5 /* EmocionaMente */ = {
			isa = PBXNativeTarget;
			buildConfigurationList = F1F5FCB129EB4BBC00A848B5 /* Build configuration list for PBXNativeTarget "EmocionaMente" */;
			buildPhases = (
				F1F5FC8729EB4BB800A848B5 /* Sources */,
				F1F5FC8829EB4BB800A848B5 /* Frameworks */,
				F1F5FC8929EB4BB800A848B5 /* Resources */,
			);
			buildRules = (
			);
			dependencies = (
			);
			name = EmocionaMente;
			productName = EmocionaMente;
			productReference = F1F5FC8B29EB4BB800A848B5 /* EmocionaMente.app */;
			productType = "com.apple.product-type.application";
		};
		F1F5FC9C29EB4BBC00A848B5 /* EmocionaMenteTests */ = {
			isa = PBXNativeTarget;
			buildConfigurationList = F1F5FCB429EB4BBC00A848B5 /* Build configuration list for PBXNativeTarget "EmocionaMenteTests" */;
			buildPhases = (
				F1F5FC9929EB4BBC00A848B5 /* Sources */,
				F1F5FC9A29EB4BBC00A848B5 /* Frameworks */,
				F1F5FC9B29EB4BBC00A848B5 /* Resources */,
			);
			buildRules = (
			);
			dependencies = (
				F1F5FC9F29EB4BBC00A848B5 /* PBXTargetDependency */,
			);
			name = EmocionaMenteTests;
			productName = EmocionaMenteTests;
			productReference = F1F5FC9D29EB4BBC00A848B5 /* EmocionaMenteTests.xctest */;
			productType = "com.apple.product-type.bundle.unit-test";
		};
		F1F5FCA629EB4BBC00A848B5 /* EmocionaMenteUITests */ = {
			isa = PBXNativeTarget;
			buildConfigurationList = F1F5FCB729EB4BBC00A848B5 /* Build configuration list for PBXNativeTarget "EmocionaMenteUITests" */;
			buildPhases = (
				F1F5FCA329EB4BBC00A848B5 /* Sources */,
				F1F5FCA429EB4BBC00A848B5 /* Frameworks */,
				F1F5FCA529EB4BBC00A848B5 /* Resources */,
			);
			buildRules = (
			);
			dependencies = (
				F1F5FCA929EB4BBC00A848B5 /* PBXTargetDependency */,
			);
			name = EmocionaMenteUITests;
			productName = EmocionaMenteUITests;
			productReference = F1F5FCA729EB4BBC00A848B5 /* EmocionaMenteUITests.xctest */;
			productType = "com.apple.product-type.bundle.ui-testing";
		};
/* End PBXNativeTarget section */

/* Begin PBXProject section */
		F1F5FC8329EB4BB800A848B5 /* Project object */ = {
			isa = PBXProject;
			attributes = {
				BuildIndependentTargetsInParallel = 1;
				LastSwiftUpdateCheck = 1420;
				LastUpgradeCheck = 1420;
				TargetAttributes = {
					F1F5FC8A29EB4BB800A848B5 = {
						CreatedOnToolsVersion = 14.2;
					};
					F1F5FC9C29EB4BBC00A848B5 = {
						CreatedOnToolsVersion = 14.2;
						TestTargetID = F1F5FC8A29EB4BB800A848B5;
					};
					F1F5FCA629EB4BBC00A848B5 = {
						CreatedOnToolsVersion = 14.2;
						TestTargetID = F1F5FC8A29EB4BB800A848B5;
					};
				};
			};
			buildConfigurationList = F1F5FC8629EB4BB800A848B5 /* Build configuration list for PBXProject "EmocionaMente" */;
			compatibilityVersion = "Xcode 14.0";
			developmentRegion = "es-419";
			hasScannedForEncodings = 0;
			knownRegions = (
				en,
				Base,
				"es-419",
			);
			mainGroup = F1F5FC8229EB4BB800A848B5;
			productRefGroup = F1F5FC8C29EB4BB800A848B5 /* Products */;
			projectDirPath = "";
			projectRoot = "";
			targets = (
				F1F5FC8A29EB4BB800A848B5 /* EmocionaMente */,
				F1F5FC9C29EB4BBC00A848B5 /* EmocionaMenteTests */,
				F1F5FCA629EB4BBC00A848B5 /* EmocionaMenteUITests */,
			);
		};
/* End PBXProject section */

/* Begin PBXResourcesBuildPhase section */
		F1F5FC8929EB4BB800A848B5 /* Resources */ = {
			isa = PBXResourcesBuildPhase;
			buildActionMask = 2147483647;
			files = (
				1A18DCA229ED2DC7009A882B /* presiona-el-boton-verde.wav in Resources */,
				1A18DC9C29ED2D8A009A882B /* identifica-tus-emociones.wav in Resources */,
				1A18DCA129ED2DC7009A882B /* diferencias-entre-emociones.wav in Resources */,
				1AC24B7B29ECF32000C237E8 /* textura.jpg in Resources */,
				1A18DCA029ED2DC7009A882B /* dibuja-como-te-sientes.wav in Resources */,
				1A18DC9A29ED239D009A882B /* son-iguales-las-emociones.wav in Resources */,
				F1F5FC9829EB4BBC00A848B5 /* Preview Assets.xcassets in Resources */,
				F1F5FC9529EB4BBC00A848B5 /* Assets.xcassets in Resources */,
				1A18DCA429ED2DF6009A882B /* EmocionaMenteTheme.wav in Resources */,
			);
			runOnlyForDeploymentPostprocessing = 0;
		};
		F1F5FC9B29EB4BBC00A848B5 /* Resources */ = {
			isa = PBXResourcesBuildPhase;
			buildActionMask = 2147483647;
			files = (
			);
			runOnlyForDeploymentPostprocessing = 0;
		};
		F1F5FCA529EB4BBC00A848B5 /* Resources */ = {
			isa = PBXResourcesBuildPhase;
			buildActionMask = 2147483647;
			files = (
			);
			runOnlyForDeploymentPostprocessing = 0;
		};
/* End PBXResourcesBuildPhase section */

/* Begin PBXSourcesBuildPhase section */
		F1F5FC8729EB4BB800A848B5 /* Sources */ = {
			isa = PBXSourcesBuildPhase;
			buildActionMask = 2147483647;
			files = (
				1AC24B8929ECF3AA00C237E8 /* DiferenciarJuegoView.swift in Sources */,
				1A18DC9829ED1A2E009A882B /* PlaySound.swift in Sources */,
				1AC24B8429ECF3AA00C237E8 /* ConcienciaView.swift in Sources */,
				F1F5FC9129EB4BB800A848B5 /* ContentView.swift in Sources */,
				1AC24B8829ECF3AA00C237E8 /* GlosarioView.swift in Sources */,
				F1F5FC8F29EB4BB800A848B5 /* AppDelegate.swift in Sources */,
				1AC24B8729ECF3AA00C237E8 /* NivelesViewModel.swift in Sources */,
				1AC24B8529ECF3AA00C237E8 /* DiferenciarView.swift in Sources */,
				1AC24B8329ECF3AA00C237E8 /* NivelesDifModel.swift in Sources */,
				F132F47329ECB56700F168DB /* FacePaintingAR.swift in Sources */,
				1A1985D729ECDA72004A8D55 /* DibujoView.swift in Sources */,
				1AC24B8629ECF3AA00C237E8 /* DiferenciarDetailView.swift in Sources */,
			);
			runOnlyForDeploymentPostprocessing = 0;
		};
		F1F5FC9929EB4BBC00A848B5 /* Sources */ = {
			isa = PBXSourcesBuildPhase;
			buildActionMask = 2147483647;
			files = (
				F1F5FCA229EB4BBC00A848B5 /* EmocionaMenteTests.swift in Sources */,
			);
			runOnlyForDeploymentPostprocessing = 0;
		};
		F1F5FCA329EB4BBC00A848B5 /* Sources */ = {
			isa = PBXSourcesBuildPhase;
			buildActionMask = 2147483647;
			files = (
				F1F5FCAC29EB4BBC00A848B5 /* EmocionaMenteUITests.swift in Sources */,
				F1F5FCAE29EB4BBC00A848B5 /* EmocionaMenteUITestsLaunchTests.swift in Sources */,
			);
			runOnlyForDeploymentPostprocessing = 0;
		};
/* End PBXSourcesBuildPhase section */

/* Begin PBXTargetDependency section */
		F1F5FC9F29EB4BBC00A848B5 /* PBXTargetDependency */ = {
			isa = PBXTargetDependency;
			target = F1F5FC8A29EB4BB800A848B5 /* EmocionaMente */;
			targetProxy = F1F5FC9E29EB4BBC00A848B5 /* PBXContainerItemProxy */;
		};
		F1F5FCA929EB4BBC00A848B5 /* PBXTargetDependency */ = {
			isa = PBXTargetDependency;
			target = F1F5FC8A29EB4BB800A848B5 /* EmocionaMente */;
			targetProxy = F1F5FCA829EB4BBC00A848B5 /* PBXContainerItemProxy */;
		};
/* End PBXTargetDependency section */

/* Begin XCBuildConfiguration section */
		F1F5FCAF29EB4BBC00A848B5 /* Debug */ = {
			isa = XCBuildConfiguration;
			buildSettings = {
				ALWAYS_SEARCH_USER_PATHS = NO;
				CLANG_ANALYZER_NONNULL = YES;
				CLANG_ANALYZER_NUMBER_OBJECT_CONVERSION = YES_AGGRESSIVE;
				CLANG_CXX_LANGUAGE_STANDARD = "gnu++20";
				CLANG_ENABLE_MODULES = YES;
				CLANG_ENABLE_OBJC_ARC = YES;
				CLANG_ENABLE_OBJC_WEAK = YES;
				CLANG_WARN_BLOCK_CAPTURE_AUTORELEASING = YES;
				CLANG_WARN_BOOL_CONVERSION = YES;
				CLANG_WARN_COMMA = YES;
				CLANG_WARN_CONSTANT_CONVERSION = YES;
				CLANG_WARN_DEPRECATED_OBJC_IMPLEMENTATIONS = YES;
				CLANG_WARN_DIRECT_OBJC_ISA_USAGE = YES_ERROR;
				CLANG_WARN_DOCUMENTATION_COMMENTS = YES;
				CLANG_WARN_EMPTY_BODY = YES;
				CLANG_WARN_ENUM_CONVERSION = YES;
				CLANG_WARN_INFINITE_RECURSION = YES;
				CLANG_WARN_INT_CONVERSION = YES;
				CLANG_WARN_NON_LITERAL_NULL_CONVERSION = YES;
				CLANG_WARN_OBJC_IMPLICIT_RETAIN_SELF = YES;
				CLANG_WARN_OBJC_LITERAL_CONVERSION = YES;
				CLANG_WARN_OBJC_ROOT_CLASS = YES_ERROR;
				CLANG_WARN_QUOTED_INCLUDE_IN_FRAMEWORK_HEADER = YES;
				CLANG_WARN_RANGE_LOOP_ANALYSIS = YES;
				CLANG_WARN_STRICT_PROTOTYPES = YES;
				CLANG_WARN_SUSPICIOUS_MOVE = YES;
				CLANG_WARN_UNGUARDED_AVAILABILITY = YES_AGGRESSIVE;
				CLANG_WARN_UNREACHABLE_CODE = YES;
				CLANG_WARN__DUPLICATE_METHOD_MATCH = YES;
				COPY_PHASE_STRIP = NO;
				DEBUG_INFORMATION_FORMAT = dwarf;
				ENABLE_STRICT_OBJC_MSGSEND = YES;
				ENABLE_TESTABILITY = YES;
				GCC_C_LANGUAGE_STANDARD = gnu11;
				GCC_DYNAMIC_NO_PIC = NO;
				GCC_NO_COMMON_BLOCKS = YES;
				GCC_OPTIMIZATION_LEVEL = 0;
				GCC_PREPROCESSOR_DEFINITIONS = (
					"DEBUG=1",
					"$(inherited)",
				);
				GCC_WARN_64_TO_32_BIT_CONVERSION = YES;
				GCC_WARN_ABOUT_RETURN_TYPE = YES_ERROR;
				GCC_WARN_UNDECLARED_SELECTOR = YES;
				GCC_WARN_UNINITIALIZED_AUTOS = YES_AGGRESSIVE;
				GCC_WARN_UNUSED_FUNCTION = YES;
				GCC_WARN_UNUSED_VARIABLE = YES;
				IPHONEOS_DEPLOYMENT_TARGET = 16.2;
				MTL_ENABLE_DEBUG_INFO = INCLUDE_SOURCE;
				MTL_FAST_MATH = YES;
				ONLY_ACTIVE_ARCH = YES;
				SDKROOT = iphoneos;
				SWIFT_ACTIVE_COMPILATION_CONDITIONS = DEBUG;
				SWIFT_OPTIMIZATION_LEVEL = "-Onone";
			};
			name = Debug;
		};
		F1F5FCB029EB4BBC00A848B5 /* Release */ = {
			isa = XCBuildConfiguration;
			buildSettings = {
				ALWAYS_SEARCH_USER_PATHS = NO;
				CLANG_ANALYZER_NONNULL = YES;
				CLANG_ANALYZER_NUMBER_OBJECT_CONVERSION = YES_AGGRESSIVE;
				CLANG_CXX_LANGUAGE_STANDARD = "gnu++20";
				CLANG_ENABLE_MODULES = YES;
				CLANG_ENABLE_OBJC_ARC = YES;
				CLANG_ENABLE_OBJC_WEAK = YES;
				CLANG_WARN_BLOCK_CAPTURE_AUTORELEASING = YES;
				CLANG_WARN_BOOL_CONVERSION = YES;
				CLANG_WARN_COMMA = YES;
				CLANG_WARN_CONSTANT_CONVERSION = YES;
				CLANG_WARN_DEPRECATED_OBJC_IMPLEMENTATIONS = YES;
				CLANG_WARN_DIRECT_OBJC_ISA_USAGE = YES_ERROR;
				CLANG_WARN_DOCUMENTATION_COMMENTS = YES;
				CLANG_WARN_EMPTY_BODY = YES;
				CLANG_WARN_ENUM_CONVERSION = YES;
				CLANG_WARN_INFINITE_RECURSION = YES;
				CLANG_WARN_INT_CONVERSION = YES;
				CLANG_WARN_NON_LITERAL_NULL_CONVERSION = YES;
				CLANG_WARN_OBJC_IMPLICIT_RETAIN_SELF = YES;
				CLANG_WARN_OBJC_LITERAL_CONVERSION = YES;
				CLANG_WARN_OBJC_ROOT_CLASS = YES_ERROR;
				CLANG_WARN_QUOTED_INCLUDE_IN_FRAMEWORK_HEADER = YES;
				CLANG_WARN_RANGE_LOOP_ANALYSIS = YES;
				CLANG_WARN_STRICT_PROTOTYPES = YES;
				CLANG_WARN_SUSPICIOUS_MOVE = YES;
				CLANG_WARN_UNGUARDED_AVAILABILITY = YES_AGGRESSIVE;
				CLANG_WARN_UNREACHABLE_CODE = YES;
				CLANG_WARN__DUPLICATE_METHOD_MATCH = YES;
				COPY_PHASE_STRIP = NO;
				DEBUG_INFORMATION_FORMAT = "dwarf-with-dsym";
				ENABLE_NS_ASSERTIONS = NO;
				ENABLE_STRICT_OBJC_MSGSEND = YES;
				GCC_C_LANGUAGE_STANDARD = gnu11;
				GCC_NO_COMMON_BLOCKS = YES;
				GCC_WARN_64_TO_32_BIT_CONVERSION = YES;
				GCC_WARN_ABOUT_RETURN_TYPE = YES_ERROR;
				GCC_WARN_UNDECLARED_SELECTOR = YES;
				GCC_WARN_UNINITIALIZED_AUTOS = YES_AGGRESSIVE;
				GCC_WARN_UNUSED_FUNCTION = YES;
				GCC_WARN_UNUSED_VARIABLE = YES;
				IPHONEOS_DEPLOYMENT_TARGET = 16.2;
				MTL_ENABLE_DEBUG_INFO = NO;
				MTL_FAST_MATH = YES;
				SDKROOT = iphoneos;
				SWIFT_COMPILATION_MODE = wholemodule;
				SWIFT_OPTIMIZATION_LEVEL = "-O";
				VALIDATE_PRODUCT = YES;
			};
			name = Release;
		};
		F1F5FCB229EB4BBC00A848B5 /* Debug */ = {
			isa = XCBuildConfiguration;
			buildSettings = {
				ASSETCATALOG_COMPILER_APPICON_NAME = AppIcon;
				ASSETCATALOG_COMPILER_GLOBAL_ACCENT_COLOR_NAME = AccentColor;
				CODE_SIGN_STYLE = Automatic;
				CURRENT_PROJECT_VERSION = 1;
				DEVELOPMENT_ASSET_PATHS = "\"EmocionaMente/Preview Content\"";
				DEVELOPMENT_TEAM = 3GS9752UVQ;
				ENABLE_PREVIEWS = YES;
				GENERATE_INFOPLIST_FILE = YES;
				INFOPLIST_FILE = EmocionaMente/Info.plist;
				INFOPLIST_KEY_NSCameraUsageDescription = "Access required for AR experience.";
				INFOPLIST_KEY_NSPhotoLibraryUsageDescription = "Allow To Save Drawings";
				INFOPLIST_KEY_UIApplicationSupportsIndirectInputEvents = YES;
				INFOPLIST_KEY_UILaunchScreen_Generation = YES;
				INFOPLIST_KEY_UIRequiredDeviceCapabilities = arkit;
				INFOPLIST_KEY_UIStatusBarHidden = YES;
				INFOPLIST_KEY_UISupportedInterfaceOrientations_iPad = "UIInterfaceOrientationPortrait UIInterfaceOrientationPortraitUpsideDown UIInterfaceOrientationLandscapeLeft UIInterfaceOrientationLandscapeRight";
				INFOPLIST_KEY_UISupportedInterfaceOrientations_iPhone = "UIInterfaceOrientationPortrait UIInterfaceOrientationLandscapeLeft UIInterfaceOrientationLandscapeRight";
				IPHONEOS_DEPLOYMENT_TARGET = 16.0;
				LD_RUNPATH_SEARCH_PATHS = (
					"$(inherited)",
					"@executable_path/Frameworks",
				);
				MARKETING_VERSION = 1.0;
				PRODUCT_BUNDLE_IDENTIFIER = scoopsahoy;
				PRODUCT_NAME = "$(TARGET_NAME)";
				SWIFT_EMIT_LOC_STRINGS = YES;
				SWIFT_VERSION = 5.0;
				TARGETED_DEVICE_FAMILY = "1,2";
			};
			name = Debug;
		};
		F1F5FCB329EB4BBC00A848B5 /* Release */ = {
			isa = XCBuildConfiguration;
			buildSettings = {
				ASSETCATALOG_COMPILER_APPICON_NAME = AppIcon;
				ASSETCATALOG_COMPILER_GLOBAL_ACCENT_COLOR_NAME = AccentColor;
				CODE_SIGN_STYLE = Automatic;
				CURRENT_PROJECT_VERSION = 1;
				DEVELOPMENT_ASSET_PATHS = "\"EmocionaMente/Preview Content\"";
				DEVELOPMENT_TEAM = 3GS9752UVQ;
				ENABLE_PREVIEWS = YES;
				GENERATE_INFOPLIST_FILE = YES;
				INFOPLIST_FILE = EmocionaMente/Info.plist;
				INFOPLIST_KEY_NSCameraUsageDescription = "Access required for AR experience.";
				INFOPLIST_KEY_NSPhotoLibraryUsageDescription = "Allow To Save Drawings";
				INFOPLIST_KEY_UIApplicationSupportsIndirectInputEvents = YES;
				INFOPLIST_KEY_UILaunchScreen_Generation = YES;
				INFOPLIST_KEY_UIRequiredDeviceCapabilities = arkit;
				INFOPLIST_KEY_UIStatusBarHidden = YES;
				INFOPLIST_KEY_UISupportedInterfaceOrientations_iPad = "UIInterfaceOrientationPortrait UIInterfaceOrientationPortraitUpsideDown UIInterfaceOrientationLandscapeLeft UIInterfaceOrientationLandscapeRight";
				INFOPLIST_KEY_UISupportedInterfaceOrientations_iPhone = "UIInterfaceOrientationPortrait UIInterfaceOrientationLandscapeLeft UIInterfaceOrientationLandscapeRight";
				IPHONEOS_DEPLOYMENT_TARGET = 16.0;
				LD_RUNPATH_SEARCH_PATHS = (
					"$(inherited)",
					"@executable_path/Frameworks",
				);
				MARKETING_VERSION = 1.0;
				PRODUCT_BUNDLE_IDENTIFIER = scoopsahoy;
				PRODUCT_NAME = "$(TARGET_NAME)";
				SWIFT_EMIT_LOC_STRINGS = YES;
				SWIFT_VERSION = 5.0;
				TARGETED_DEVICE_FAMILY = "1,2";
			};
			name = Release;
		};
		F1F5FCB529EB4BBC00A848B5 /* Debug */ = {
			isa = XCBuildConfiguration;
			buildSettings = {
				ALWAYS_EMBED_SWIFT_STANDARD_LIBRARIES = YES;
				BUNDLE_LOADER = "$(TEST_HOST)";
				CODE_SIGN_STYLE = Automatic;
				CURRENT_PROJECT_VERSION = 1;
				GENERATE_INFOPLIST_FILE = YES;
				IPHONEOS_DEPLOYMENT_TARGET = 16.2;
				MARKETING_VERSION = 1.0;
				PRODUCT_BUNDLE_IDENTIFIER = Hackathon.EmocionaMenteTests;
				PRODUCT_NAME = "$(TARGET_NAME)";
				SWIFT_EMIT_LOC_STRINGS = NO;
				SWIFT_VERSION = 5.0;
				TARGETED_DEVICE_FAMILY = "1,2";
				TEST_HOST = "$(BUILT_PRODUCTS_DIR)/EmocionaMente.app/$(BUNDLE_EXECUTABLE_FOLDER_PATH)/EmocionaMente";
			};
			name = Debug;
		};
		F1F5FCB629EB4BBC00A848B5 /* Release */ = {
			isa = XCBuildConfiguration;
			buildSettings = {
				ALWAYS_EMBED_SWIFT_STANDARD_LIBRARIES = YES;
				BUNDLE_LOADER = "$(TEST_HOST)";
				CODE_SIGN_STYLE = Automatic;
				CURRENT_PROJECT_VERSION = 1;
				GENERATE_INFOPLIST_FILE = YES;
				IPHONEOS_DEPLOYMENT_TARGET = 16.2;
				MARKETING_VERSION = 1.0;
				PRODUCT_BUNDLE_IDENTIFIER = Hackathon.EmocionaMenteTests;
				PRODUCT_NAME = "$(TARGET_NAME)";
				SWIFT_EMIT_LOC_STRINGS = NO;
				SWIFT_VERSION = 5.0;
				TARGETED_DEVICE_FAMILY = "1,2";
				TEST_HOST = "$(BUILT_PRODUCTS_DIR)/EmocionaMente.app/$(BUNDLE_EXECUTABLE_FOLDER_PATH)/EmocionaMente";
			};
			name = Release;
		};
		F1F5FCB829EB4BBC00A848B5 /* Debug */ = {
			isa = XCBuildConfiguration;
			buildSettings = {
				ALWAYS_EMBED_SWIFT_STANDARD_LIBRARIES = YES;
				CODE_SIGN_STYLE = Automatic;
				CURRENT_PROJECT_VERSION = 1;
				GENERATE_INFOPLIST_FILE = YES;
				MARKETING_VERSION = 1.0;
				PRODUCT_BUNDLE_IDENTIFIER = Hackathon.EmocionaMenteUITests;
				PRODUCT_NAME = "$(TARGET_NAME)";
				SWIFT_EMIT_LOC_STRINGS = NO;
				SWIFT_VERSION = 5.0;
				TARGETED_DEVICE_FAMILY = "1,2";
				TEST_TARGET_NAME = EmocionaMente;
			};
			name = Debug;
		};
		F1F5FCB929EB4BBC00A848B5 /* Release */ = {
			isa = XCBuildConfiguration;
			buildSettings = {
				ALWAYS_EMBED_SWIFT_STANDARD_LIBRARIES = YES;
				CODE_SIGN_STYLE = Automatic;
				CURRENT_PROJECT_VERSION = 1;
				GENERATE_INFOPLIST_FILE = YES;
				MARKETING_VERSION = 1.0;
				PRODUCT_BUNDLE_IDENTIFIER = Hackathon.EmocionaMenteUITests;
				PRODUCT_NAME = "$(TARGET_NAME)";
				SWIFT_EMIT_LOC_STRINGS = NO;
				SWIFT_VERSION = 5.0;
				TARGETED_DEVICE_FAMILY = "1,2";
				TEST_TARGET_NAME = EmocionaMente;
			};
			name = Release;
		};
/* End XCBuildConfiguration section */

/* Begin XCConfigurationList section */
		F1F5FC8629EB4BB800A848B5 /* Build configuration list for PBXProject "EmocionaMente" */ = {
			isa = XCConfigurationList;
			buildConfigurations = (
				F1F5FCAF29EB4BBC00A848B5 /* Debug */,
				F1F5FCB029EB4BBC00A848B5 /* Release */,
			);
			defaultConfigurationIsVisible = 0;
			defaultConfigurationName = Release;
		};
		F1F5FCB129EB4BBC00A848B5 /* Build configuration list for PBXNativeTarget "EmocionaMente" */ = {
			isa = XCConfigurationList;
			buildConfigurations = (
				F1F5FCB229EB4BBC00A848B5 /* Debug */,
				F1F5FCB329EB4BBC00A848B5 /* Release */,
			);
			defaultConfigurationIsVisible = 0;
			defaultConfigurationName = Release;
		};
		F1F5FCB429EB4BBC00A848B5 /* Build configuration list for PBXNativeTarget "EmocionaMenteTests" */ = {
			isa = XCConfigurationList;
			buildConfigurations = (
				F1F5FCB529EB4BBC00A848B5 /* Debug */,
				F1F5FCB629EB4BBC00A848B5 /* Release */,
			);
			defaultConfigurationIsVisible = 0;
			defaultConfigurationName = Release;
		};
		F1F5FCB729EB4BBC00A848B5 /* Build configuration list for PBXNativeTarget "EmocionaMenteUITests" */ = {
			isa = XCConfigurationList;
			buildConfigurations = (
				F1F5FCB829EB4BBC00A848B5 /* Debug */,
				F1F5FCB929EB4BBC00A848B5 /* Release */,
			);
			defaultConfigurationIsVisible = 0;
			defaultConfigurationName = Release;
		};
/* End XCConfigurationList section */
	};
	rootObject = F1F5FC8329EB4BB800A848B5 /* Project object */;
}
